
Microsoft Visual Studio Solution File, Format Version 12.00
# Visual Studio Version 17
VisualStudioVersion = 17.0.32014.148
MinimumVisualStudioVersion = 10.0.40219.1
Project("{FAE04EC0-301F-11D3-BF4B-00C04F79EFBC}") = "RabbitMQDemoClient", "RabbitMQDemoClient\RabbitMQDemoClient.csproj", "{D8E731AB-A721-4CB8-B4AD-D1D6C9A9E8D1}"
EndProject
Project("{FAE04EC0-301F-11D3-BF4B-00C04F79EFBC}") = "RabbitMQDemoServer", "RabbitMQDemoServer\RabbitMQDemoServer.csproj", "{9EB1E71D-8354-4FA9-A789-FEB3FE004570}"
EndProject
Global
	GlobalSection(SolutionConfigurationPlatforms) = preSolution
		Debug|Any CPU = Debug|Any CPU
		Release|Any CPU = Release|Any CPU
	EndGlobalSection
	GlobalSection(ProjectConfigurationPlatforms) = postSolution
		{D8E731AB-A721-4CB8-B4AD-D1D6C9A9E8D1}.Debug|Any CPU.ActiveCfg = Debug|Any CPU
		{D8E731AB-A721-4CB8-B4AD-D1D6C9A9E8D1}.Debug|Any CPU.Build.0 = Debug|Any CPU
		{D8E731AB-A721-4CB8-B4AD-D1D6C9A9E8D1}.Release|Any CPU.ActiveCfg = Release|Any CPU
		{D8E731AB-A721-4CB8-B4AD-D1D6C9A9E8D1}.Release|Any CPU.Build.0 = Release|Any CPU
		{9EB1E71D-8354-4FA9-A789-FEB3FE004570}.Debug|Any CPU.ActiveCfg = Debug|Any CPU
		{9EB1E71D-8354-4FA9-A789-FEB3FE004570}.Debug|Any CPU.Build.0 = Debug|Any CPU
		{9EB1E71D-8354-4FA9-A789-FEB3FE004570}.Release|Any CPU.ActiveCfg = Release|Any CPU
		{9EB1E71D-8354-4FA9-A789-FEB3FE004570}.Release|Any CPU.Build.0 = Release|Any CPU
	EndGlobalSection
	GlobalSection(SolutionProperties) = preSolution
		HideSolutionNode = FALSE
	EndGlobalSection
	GlobalSection(ExtensibilityGlobals) = postSolution
		SolutionGuid = {0ED81333-7F08-44A0-B3DA-9B4303EC29C2}
	EndGlobalSection
EndGlobal
